{
  "name": "node-js-getting-started",
  "version": "0.1.3",
  "lockfileVersion": 3,
  "requires": true,
  "packages": {
    "": {
      "name": "node-js-getting-started",
      "version": "0.1.3",
      "license": "MIT",
      "dependencies": {
        "cloudinary": "^1.3.0",
        "dotenv": "16.4.5",
        "express": "~4.9.x",
        "nice-json2csv": "^0.2.0",
        "pingdom-api": "1.0.0",
        "superagent": "^1.1.0",
        "youtube-api": "^1.0.0"
      },
      "devDependencies": {
        "nodemon": "3.0.2"
      },
      "engines": {
        "node": "18.20.2",
        "yarn": "1.22.22"
      }
    },
    "node_modules/abbrev": {
      "version": "1.1.1",
      "dev": true,
      "license": "ISC"
    },
    "node_modules/accepts": {
      "version": "1.1.4",
      "license": "MIT",
      "dependencies": {
        "mime-types": "~2.0.4",
        "negotiator": "0.4.9"
      },
      "engines": {
        "node": ">= 0.8"
      }
    },
    "node_modules/accepts/node_modules/mime-db": {
      "version": "1.12.0",
      "license": "MIT",
      "engines": {
        "node": ">= 0.6"
      }
    },
    "node_modules/accepts/node_modules/mime-types": {
      "version": "2.0.14",
      "license": "MIT",
      "dependencies": {
        "mime-db": "~1.12.0"
      },
      "engines": {
        "node": ">= 0.6"
      }
    },
    "node_modules/ajv": {
      "version": "6.12.6",
      "license": "MIT",
      "dependencies": {
        "fast-deep-equal": "^3.1.1",
        "fast-json-stable-stringify": "^2.0.0",
        "json-schema-traverse": "^0.4.1",
        "uri-js": "^4.2.2"
      },
      "funding": {
        "type": "github",
        "url": "https://github.com/sponsors/epoberezkin"
      }
    },
    "node_modules/annois": {
      "version": "0.3.2"
    },
    "node_modules/annotate": {
      "version": "0.9.1",
      "dependencies": {
        "annois": "0.3.0"
      }
    },
    "node_modules/annotate/node_modules/annois": {
      "version": "0.3.0"
    },
    "node_modules/annozip": {
      "version": "0.2.6",
      "dependencies": {
        "annois": "^0.3.2",
        "annotate": "^0.9.1"
      }
    },
    "node_modules/ansi-regex": {
      "version": "2.1.1",
      "license": "MIT",
      "engines": {
        "node": ">=0.10.0"
      }
    },
    "node_modules/ansi-styles": {
      "version": "2.2.1",
      "license": "MIT",
      "engines": {
        "node": ">=0.10.0"
      }
    },
    "node_modules/anymatch": {
      "version": "3.1.3",
      "dev": true,
      "license": "ISC",
      "dependencies": {
        "normalize-path": "^3.0.0",
        "picomatch": "^2.0.4"
      },
      "engines": {
        "node": ">= 8"
      }
    },
    "node_modules/asn1": {
      "version": "0.1.11",
      "engines": {
        "node": ">=0.4.9"
      }
    },
    "node_modules/assert-plus": {
      "version": "1.0.0",
      "license": "MIT",
      "engines": {
        "node": ">=0.8"
      }
    },
    "node_modules/async": {
      "version": "1.5.2",
      "license": "MIT"
    },
    "node_modules/asynckit": {
      "version": "0.4.0",
      "license": "MIT"
    },
    "node_modules/aws-sign": {
      "version": "0.3.0",
      "engines": {
        "node": "*"
      }
    },
    "node_modules/aws-sign2": {
      "version": "0.6.0",
      "license": "Apache-2.0",
      "engines": {
        "node": "*"
      }
    },
    "node_modules/aws4": {
      "version": "1.12.0",
      "license": "MIT"
    },
    "node_modules/balanced-match": {
      "version": "1.0.2",
      "dev": true,
      "license": "MIT"
    },
    "node_modules/base64url": {
      "version": "1.0.6",
      "license": "MIT",
      "dependencies": {
        "concat-stream": "~1.4.7",
        "meow": "~2.0.0"
      },
      "bin": {
        "base64url": "bin/base64url"
      }
    },
    "node_modules/bcrypt-pbkdf": {
      "version": "1.0.2",
      "license": "BSD-3-Clause",
      "dependencies": {
        "tweetnacl": "^0.14.3"
      }
    },
    "node_modules/binary-extensions": {
      "version": "2.2.0",
      "dev": true,
      "license": "MIT",
      "engines": {
        "node": ">=8"
      }
    },
    "node_modules/bl": {
      "version": "1.0.3",
      "license": "MIT",
      "dependencies": {
        "readable-stream": "~2.0.5"
      }
    },
    "node_modules/bluebird": {
      "version": "2.11.0",
      "license": "MIT"
    },
    "node_modules/boom": {
      "version": "0.4.2",
      "dependencies": {
        "hoek": "0.9.x"
      },
      "engines": {
        "node": ">=0.8.0"
      }
    },
    "node_modules/boom/node_modules/hoek": {
      "version": "0.9.1",
      "engines": {
        "node": ">=0.8.0"
      }
    },
    "node_modules/brace-expansion": {
      "version": "1.1.11",
      "dev": true,
      "license": "MIT",
      "dependencies": {
        "balanced-match": "^1.0.0",
        "concat-map": "0.0.1"
      }
    },
    "node_modules/braces": {
      "version": "3.0.2",
      "dev": true,
      "license": "MIT",
      "dependencies": {
        "fill-range": "^7.0.1"
      },
      "engines": {
        "node": ">=8"
      }
    },
    "node_modules/buffer-equal-constant-time": {
      "version": "1.0.1",
      "license": "BSD-3-Clause"
    },
    "node_modules/camelcase": {
      "version": "1.2.1",
      "license": "MIT",
      "engines": {
        "node": ">=0.10.0"
      }
    },
    "node_modules/camelcase-keys": {
      "version": "1.0.0",
      "license": "MIT",
      "dependencies": {
        "camelcase": "^1.0.1",
        "map-obj": "^1.0.0"
      },
      "engines": {
        "node": ">=0.10.0"
      }
    },
    "node_modules/caseless": {
      "version": "0.11.0",
      "license": "Apache-2.0"
    },
    "node_modules/chalk": {
      "version": "1.1.3",
      "license": "MIT",
      "dependencies": {
        "ansi-styles": "^2.2.1",
        "escape-string-regexp": "^1.0.2",
        "has-ansi": "^2.0.0",
        "strip-ansi": "^3.0.0",
        "supports-color": "^2.0.0"
      },
      "engines": {
        "node": ">=0.10.0"
      }
    },
    "node_modules/chalk/node_modules/supports-color": {
      "version": "2.0.0",
      "license": "MIT",
      "engines": {
        "node": ">=0.8.0"
      }
    },
    "node_modules/chokidar": {
      "version": "3.5.3",
      "dev": true,
      "funding": [
        {
          "type": "individual",
          "url": "https://paulmillr.com/funding/"
        }
      ],
      "license": "MIT",
      "dependencies": {
        "anymatch": "~3.1.2",
        "braces": "~3.0.2",
        "glob-parent": "~5.1.2",
        "is-binary-path": "~2.1.0",
        "is-glob": "~4.0.1",
        "normalize-path": "~3.0.0",
        "readdirp": "~3.6.0"
      },
      "engines": {
        "node": ">= 8.10.0"
      },
      "optionalDependencies": {
        "fsevents": "~2.3.2"
      }
    },
    "node_modules/cloudinary": {
      "version": "1.40.0",
      "license": "MIT",
      "dependencies": {
        "cloudinary-core": "^2.13.0",
        "core-js": "^3.30.1",
        "lodash": "^4.17.21",
        "q": "^1.5.1"
      },
      "engines": {
        "node": ">=0.6"
      }
    },
    "node_modules/cloudinary-core": {
      "version": "2.13.0",
      "license": "MIT",
      "peerDependencies": {
        "lodash": ">=4.0"
      }
    },
    "node_modules/combined-stream": {
      "version": "1.0.8",
      "license": "MIT",
      "dependencies": {
        "delayed-stream": "~1.0.0"
      },
      "engines": {
        "node": ">= 0.8"
      }
    },
    "node_modules/commander": {
      "version": "2.20.3",
      "license": "MIT"
    },
    "node_modules/component-emitter": {
      "version": "1.2.1",
      "license": "MIT"
    },
    "node_modules/concat-map": {
      "version": "0.0.1",
      "dev": true,
      "license": "MIT"
    },
    "node_modules/concat-stream": {
      "version": "1.4.11",
      "engines": [
        "node >= 0.8"
      ],
      "license": "MIT",
      "dependencies": {
        "inherits": "~2.0.1",
        "readable-stream": "~1.1.9",
        "typedarray": "~0.0.5"
      }
    },
    "node_modules/concat-stream/node_modules/readable-stream": {
      "version": "1.1.14",
      "license": "MIT",
      "dependencies": {
        "core-util-is": "~1.0.0",
        "inherits": "~2.0.1",
        "isarray": "0.0.1",
        "string_decoder": "~0.10.x"
      }
    },
    "node_modules/cookie": {
      "version": "0.1.2",
      "engines": {
        "node": "*"
      }
    },
    "node_modules/cookie-jar": {
      "version": "0.3.0",
      "engines": {
        "node": "*"
      }
    },
    "node_modules/cookie-signature": {
      "version": "1.0.5",
      "license": "MIT"
    },
    "node_modules/cookiejar": {
      "version": "2.0.6",
      "license": "MIT"
    },
    "node_modules/core-js": {
      "version": "3.32.2",
      "hasInstallScript": true,
      "license": "MIT",
      "funding": {
        "type": "opencollective",
        "url": "https://opencollective.com/core-js"
      }
    },
    "node_modules/core-util-is": {
      "version": "1.0.3",
      "license": "MIT"
    },
    "node_modules/crc": {
      "version": "3.0.0",
      "license": "MIT"
    },
    "node_modules/cryptiles": {
      "version": "2.0.5",
      "license": "BSD-3-Clause",
      "dependencies": {
        "boom": "2.x.x"
      },
      "engines": {
        "node": ">=0.10.40"
      }
    },
    "node_modules/cryptiles/node_modules/boom": {
      "version": "2.10.1",
      "license": "BSD-3-Clause",
      "dependencies": {
        "hoek": "2.x.x"
      },
      "engines": {
        "node": ">=0.10.40"
      }
    },
    "node_modules/ctype": {
      "version": "0.5.2",
      "engines": {
        "node": ">= 0.4"
      }
    },
    "node_modules/dashdash": {
      "version": "1.14.1",
      "license": "MIT",
      "dependencies": {
        "assert-plus": "^1.0.0"
      },
      "engines": {
        "node": ">=0.10"
      }
    },
    "node_modules/debug": {
      "version": "2.0.0",
      "dependencies": {
        "ms": "0.6.2"
      }
    },
    "node_modules/delayed-stream": {
      "version": "1.0.0",
      "license": "MIT",
      "engines": {
        "node": ">=0.4.0"
      }
    },
    "node_modules/depd": {
      "version": "0.4.5",
      "license": "MIT",
      "engines": {
        "node": ">= 0.6"
      }
    },
    "node_modules/destroy": {
      "version": "1.0.3",
      "license": "MIT"
    },
    "node_modules/dotenv": {
      "version": "16.4.5",
      "license": "BSD-2-Clause",
      "engines": {
        "node": ">=12"
      },
      "funding": {
        "url": "https://dotenvx.com"
      }
    },
    "node_modules/ecc-jsbn": {
      "version": "0.1.2",
      "license": "MIT",
      "dependencies": {
        "jsbn": "~0.1.0",
        "safer-buffer": "^2.1.0"
      }
    },
    "node_modules/ecdsa-sig-formatter": {
      "version": "1.0.11",
      "license": "Apache-2.0",
      "dependencies": {
        "safe-buffer": "^5.0.1"
      }
    },
    "node_modules/ee-first": {
      "version": "1.1.0",
      "license": "MIT"
    },
    "node_modules/escape-html": {
      "version": "1.0.1"
    },
    "node_modules/escape-string-regexp": {
      "version": "1.0.5",
      "license": "MIT",
      "engines": {
        "node": ">=0.8.0"
      }
    },
    "node_modules/etag": {
      "version": "1.4.0",
      "license": "MIT",
      "dependencies": {
        "crc": "3.0.0"
      },
      "engines": {
        "node": ">= 0.6"
      }
    },
    "node_modules/express": {
      "version": "4.9.8",
      "license": "MIT",
      "dependencies": {
        "accepts": "~1.1.2",
        "cookie": "0.1.2",
        "cookie-signature": "1.0.5",
        "debug": "~2.0.0",
        "depd": "0.4.5",
        "escape-html": "1.0.1",
        "etag": "~1.4.0",
        "finalhandler": "0.2.0",
        "fresh": "0.2.4",
        "media-typer": "0.3.0",
        "merge-descriptors": "0.0.2",
        "methods": "1.1.0",
        "on-finished": "~2.1.0",
        "parseurl": "~1.3.0",
        "path-to-regexp": "0.1.3",
        "proxy-addr": "~1.0.3",
        "qs": "2.2.4",
        "range-parser": "~1.0.2",
        "send": "0.9.3",
        "serve-static": "~1.6.4",
        "type-is": "~1.5.2",
        "utils-merge": "1.0.0",
        "vary": "~1.0.0"
      },
      "engines": {
        "node": ">= 0.10.0"
      }
    },
    "node_modules/extend": {
      "version": "3.0.2",
      "license": "MIT"
    },
    "node_modules/extsprintf": {
      "version": "1.3.0",
      "engines": [
        "node >=0.6.0"
      ],
      "license": "MIT"
    },
    "node_modules/fast-deep-equal": {
      "version": "3.1.3",
      "license": "MIT"
    },
    "node_modules/fast-json-stable-stringify": {
      "version": "2.1.0",
      "license": "MIT"
    },
    "node_modules/fill-range": {
      "version": "7.0.1",
      "dev": true,
      "license": "MIT",
      "dependencies": {
        "to-regex-range": "^5.0.1"
      },
      "engines": {
        "node": ">=8"
      }
    },
    "node_modules/finalhandler": {
      "version": "0.2.0",
      "license": "MIT",
      "dependencies": {
        "debug": "~2.0.0",
        "escape-html": "1.0.1"
      },
      "engines": {
        "node": ">= 0.8.0"
      }
    },
    "node_modules/forever-agent": {
      "version": "0.6.1",
      "license": "Apache-2.0",
      "engines": {
        "node": "*"
      }
    },
    "node_modules/form-data": {
      "version": "1.0.1",
      "license": "MIT",
      "dependencies": {
        "async": "^2.0.1",
        "combined-stream": "^1.0.5",
        "mime-types": "^2.1.11"
      },
      "engines": {
        "node": ">= 0.10"
      }
    },
    "node_modules/form-data/node_modules/async": {
      "version": "2.6.4",
      "license": "MIT",
      "dependencies": {
        "lodash": "^4.17.14"
      }
    },
    "node_modules/formidable": {
      "version": "1.0.17",
      "engines": {
        "node": ">=0.8.0"
      }
    },
    "node_modules/forwarded": {
      "version": "0.1.2",
      "license": "MIT",
      "engines": {
        "node": ">= 0.6"
      }
    },
    "node_modules/fresh": {
      "version": "0.2.4",
      "license": "MIT",
      "engines": {
        "node": ">= 0.6"
      }
    },
    "node_modules/fsevents": {
      "version": "2.3.3",
      "dev": true,
      "license": "MIT",
      "optional": true,
      "os": [
        "darwin"
      ],
      "engines": {
        "node": "^8.16.0 || ^10.6.0 || >=11.0.0"
      }
    },
    "node_modules/gapitoken": {
      "version": "0.1.5",
      "license": "MIT",
      "dependencies": {
        "jws": "~3.0.0",
        "request": "^2.54.0"
      }
    },
    "node_modules/generate-function": {
      "version": "2.3.1",
      "license": "MIT",
      "dependencies": {
        "is-property": "^1.0.2"
      }
    },
    "node_modules/generate-object-property": {
      "version": "1.2.0",
      "license": "MIT",
      "dependencies": {
        "is-property": "^1.0.0"
      }
    },
    "node_modules/get-stdin": {
      "version": "4.0.1",
      "license": "MIT",
      "engines": {
        "node": ">=0.10.0"
      }
    },
    "node_modules/getpass": {
      "version": "0.1.7",
      "license": "MIT",
      "dependencies": {
        "assert-plus": "^1.0.0"
      }
    },
    "node_modules/glob-parent": {
      "version": "5.1.2",
      "dev": true,
      "license": "ISC",
      "dependencies": {
        "is-glob": "^4.0.1"
      },
      "engines": {
        "node": ">= 6"
      }
    },
    "node_modules/google-auth-library": {
      "version": "0.9.10",
      "license": "Apache-2.0",
      "dependencies": {
        "async": "~1.4.2",
        "gtoken": "^1.1.0",
        "jws": "~3.0.0",
        "lodash.noop": "~3.0.0",
        "request": "~2.74.0",
        "string-template": "~0.2.0"
      },
      "engines": {
        "node": ">=0.10"
      }
    },
    "node_modules/google-auth-library/node_modules/assert-plus": {
      "version": "0.2.0",
      "license": "MIT",
      "engines": {
        "node": ">=0.8"
      }
    },
    "node_modules/google-auth-library/node_modules/async": {
      "version": "1.4.2",
      "license": "MIT"
    },
    "node_modules/google-auth-library/node_modules/bl": {
      "version": "1.1.2",
      "license": "MIT",
      "dependencies": {
        "readable-stream": "~2.0.5"
      }
    },
    "node_modules/google-auth-library/node_modules/http-signature": {
      "version": "1.1.1",
      "license": "MIT",
      "dependencies": {
        "assert-plus": "^0.2.0",
        "jsprim": "^1.2.2",
        "sshpk": "^1.7.0"
      },
      "engines": {
        "node": ">=0.8",
        "npm": ">=1.3.7"
      }
    },
    "node_modules/google-auth-library/node_modules/punycode": {
      "version": "1.4.1",
      "license": "MIT"
    },
    "node_modules/google-auth-library/node_modules/qs": {
      "version": "6.2.4",
      "license": "BSD-3-Clause",
      "engines": {
        "node": ">=0.6"
      }
    },
    "node_modules/google-auth-library/node_modules/request": {
      "version": "2.74.0",
      "license": "Apache-2.0",
      "dependencies": {
        "aws-sign2": "~0.6.0",
        "aws4": "^1.2.1",
        "bl": "~1.1.2",
        "caseless": "~0.11.0",
        "combined-stream": "~1.0.5",
        "extend": "~3.0.0",
        "forever-agent": "~0.6.1",
        "form-data": "~1.0.0-rc4",
        "har-validator": "~2.0.6",
        "hawk": "~3.1.3",
        "http-signature": "~1.1.0",
        "is-typedarray": "~1.0.0",
        "isstream": "~0.1.2",
        "json-stringify-safe": "~5.0.1",
        "mime-types": "~2.1.7",
        "node-uuid": "~1.4.7",
        "oauth-sign": "~0.8.1",
        "qs": "~6.2.0",
        "stringstream": "~0.0.4",
        "tough-cookie": "~2.3.0",
        "tunnel-agent": "~0.4.1"
      },
      "engines": {
        "node": ">=0.8.0"
      }
    },
    "node_modules/google-auth-library/node_modules/tough-cookie": {
      "version": "2.3.4",
      "license": "BSD-3-Clause",
      "dependencies": {
        "punycode": "^1.4.1"
      },
      "engines": {
        "node": ">=0.8"
      }
    },
    "node_modules/google-p12-pem": {
      "version": "0.1.2",
      "license": "MIT",
      "dependencies": {
        "node-forge": "^0.7.1"
      },
      "bin": {
        "gp12-pem": "bin/gp12-pem"
      }
    },
    "node_modules/googleapis": {
      "version": "2.1.7",
      "license": "Apache-2.0",
      "dependencies": {
        "async": "~1.5.0",
        "gapitoken": "~0.1.2",
        "google-auth-library": "~0.9.3",
        "request": "~2.65.0",
        "string-template": "~0.2.0"
      },
      "engines": {
        "node": ">=0.10"
      }
    },
    "node_modules/googleapis/node_modules/assert-plus": {
      "version": "0.1.5",
      "engines": {
        "node": ">=0.8"
      }
    },
    "node_modules/googleapis/node_modules/ctype": {
      "version": "0.5.3",
      "engines": {
        "node": ">= 0.4"
      }
    },
    "node_modules/googleapis/node_modules/http-signature": {
      "version": "0.11.0",
      "license": "MIT",
      "dependencies": {
        "asn1": "0.1.11",
        "assert-plus": "^0.1.5",
        "ctype": "0.5.3"
      },
      "engines": {
        "node": ">=0.8"
      }
    },
    "node_modules/googleapis/node_modules/qs": {
      "version": "5.2.1",
      "engines": ">=0.10.40",
      "license": "BSD-3-Clause"
    },
    "node_modules/googleapis/node_modules/request": {
      "version": "2.65.0",
      "license": "Apache-2.0",
      "dependencies": {
        "aws-sign2": "~0.6.0",
        "bl": "~1.0.0",
        "caseless": "~0.11.0",
        "combined-stream": "~1.0.5",
        "extend": "~3.0.0",
        "forever-agent": "~0.6.1",
        "form-data": "~1.0.0-rc3",
        "har-validator": "~2.0.2",
        "hawk": "~3.1.0",
        "http-signature": "~0.11.0",
        "isstream": "~0.1.2",
        "json-stringify-safe": "~5.0.1",
        "mime-types": "~2.1.7",
        "node-uuid": "~1.4.3",
        "oauth-sign": "~0.8.0",
        "qs": "~5.2.0",
        "stringstream": "~0.0.4",
        "tough-cookie": "~2.2.0",
        "tunnel-agent": "~0.4.1"
      },
      "engines": {
        "node": ">=0.8.0"
      }
    },
    "node_modules/googleapis/node_modules/tough-cookie": {
      "version": "2.2.2",
      "license": "BSD-3-Clause",
      "engines": {
        "node": ">=0.10.0"
      }
    },
    "node_modules/gtoken": {
      "version": "1.2.3",
      "license": "MIT",
      "dependencies": {
        "google-p12-pem": "^0.1.0",
        "jws": "^3.0.0",
        "mime": "^1.4.1",
        "request": "^2.72.0"
      }
    },
    "node_modules/gtoken/node_modules/jwa": {
      "version": "1.4.1",
      "license": "MIT",
      "dependencies": {
        "buffer-equal-constant-time": "1.0.1",
        "ecdsa-sig-formatter": "1.0.11",
        "safe-buffer": "^5.0.1"
      }
    },
    "node_modules/gtoken/node_modules/jws": {
      "version": "3.2.2",
      "license": "MIT",
      "dependencies": {
        "jwa": "^1.4.1",
        "safe-buffer": "^5.0.1"
      }
    },
    "node_modules/gtoken/node_modules/mime": {
      "version": "1.6.0",
      "license": "MIT",
      "bin": {
        "mime": "cli.js"
      },
      "engines": {
        "node": ">=4"
      }
    },
    "node_modules/har-schema": {
      "version": "2.0.0",
      "license": "ISC",
      "engines": {
        "node": ">=4"
      }
    },
    "node_modules/har-validator": {
      "version": "2.0.6",
      "license": "ISC",
      "dependencies": {
        "chalk": "^1.1.1",
        "commander": "^2.9.0",
        "is-my-json-valid": "^2.12.4",
        "pinkie-promise": "^2.0.0"
      },
      "bin": {
        "har-validator": "bin/har-validator"
      },
      "engines": {
        "node": ">=0.10"
      }
    },
    "node_modules/has-ansi": {
      "version": "2.0.0",
      "license": "MIT",
      "dependencies": {
        "ansi-regex": "^2.0.0"
      },
      "engines": {
        "node": ">=0.10.0"
      }
    },
    "node_modules/has-flag": {
      "version": "3.0.0",
      "dev": true,
      "license": "MIT",
      "engines": {
        "node": ">=4"
      }
    },
    "node_modules/hawk": {
      "version": "3.1.3",
      "license": "BSD-3-Clause",
      "dependencies": {
        "boom": "2.x.x",
        "cryptiles": "2.x.x",
        "hoek": "2.x.x",
        "sntp": "1.x.x"
      },
      "engines": {
        "node": ">=0.10.32"
      }
    },
    "node_modules/hawk/node_modules/boom": {
      "version": "2.10.1",
      "license": "BSD-3-Clause",
      "dependencies": {
        "hoek": "2.x.x"
      },
      "engines": {
        "node": ">=0.10.40"
      }
    },
    "node_modules/hoek": {
      "version": "2.16.3",
      "license": "BSD-3-Clause",
      "engines": {
        "node": ">=0.10.40"
      }
    },
    "node_modules/http-signature": {
      "version": "1.2.0",
      "license": "MIT",
      "dependencies": {
        "assert-plus": "^1.0.0",
        "jsprim": "^1.2.2",
        "sshpk": "^1.7.0"
      },
      "engines": {
        "node": ">=0.8",
        "npm": ">=1.3.7"
      }
    },
    "node_modules/ignore-by-default": {
      "version": "1.0.1",
      "dev": true,
      "license": "ISC"
    },
    "node_modules/indent-string": {
      "version": "1.2.2",
      "license": "MIT",
      "dependencies": {
        "get-stdin": "^4.0.1",
        "minimist": "^1.1.0",
        "repeating": "^1.1.0"
      },
      "bin": {
        "indent-string": "cli.js"
      },
      "engines": {
        "node": ">=0.10.0"
      }
    },
    "node_modules/inherits": {
      "version": "2.0.4",
      "license": "ISC"
    },
    "node_modules/ipaddr.js": {
      "version": "1.0.5",
      "license": "MIT",
      "engines": {
        "node": ">= 0.10"
      }
    },
    "node_modules/is-binary-path": {
      "version": "2.1.0",
      "dev": true,
      "license": "MIT",
      "dependencies": {
        "binary-extensions": "^2.0.0"
      },
      "engines": {
        "node": ">=8"
      }
    },
    "node_modules/is-extglob": {
      "version": "2.1.1",
      "dev": true,
      "license": "MIT",
      "engines": {
        "node": ">=0.10.0"
      }
    },
    "node_modules/is-finite": {
      "version": "1.1.0",
      "license": "MIT",
      "engines": {
        "node": ">=0.10.0"
      },
      "funding": {
        "url": "https://github.com/sponsors/sindresorhus"
      }
    },
    "node_modules/is-glob": {
      "version": "4.0.3",
      "dev": true,
      "license": "MIT",
      "dependencies": {
        "is-extglob": "^2.1.1"
      },
      "engines": {
        "node": ">=0.10.0"
      }
    },
    "node_modules/is-my-ip-valid": {
      "version": "1.0.1",
      "license": "MIT"
    },
    "node_modules/is-my-json-valid": {
      "version": "2.20.6",
      "license": "MIT",
      "dependencies": {
        "generate-function": "^2.0.0",
        "generate-object-property": "^1.1.0",
        "is-my-ip-valid": "^1.0.0",
        "jsonpointer": "^5.0.0",
        "xtend": "^4.0.0"
      }
    },
    "node_modules/is-number": {
      "version": "7.0.0",
      "dev": true,
      "license": "MIT",
      "engines": {
        "node": ">=0.12.0"
      }
    },
    "node_modules/is-property": {
      "version": "1.0.2",
      "license": "MIT"
    },
    "node_modules/is-typedarray": {
      "version": "1.0.0",
      "license": "MIT"
    },
    "node_modules/isarray": {
      "version": "0.0.1",
      "license": "MIT"
    },
    "node_modules/isstream": {
      "version": "0.1.2",
      "license": "MIT"
    },
    "node_modules/jsbn": {
      "version": "0.1.1",
      "license": "MIT"
    },
    "node_modules/json-schema": {
      "version": "0.4.0",
      "license": "(AFL-2.1 OR BSD-3-Clause)"
    },
    "node_modules/json-schema-traverse": {
      "version": "0.4.1",
      "license": "MIT"
    },
    "node_modules/json-stringify-safe": {
      "version": "5.0.1",
      "license": "ISC"
    },
    "node_modules/jsonpointer": {
      "version": "5.0.1",
      "license": "MIT",
      "engines": {
        "node": ">=0.10.0"
      }
    },
    "node_modules/jsprim": {
      "version": "1.4.2",
      "license": "MIT",
      "dependencies": {
        "assert-plus": "1.0.0",
        "extsprintf": "1.3.0",
        "json-schema": "0.4.0",
        "verror": "1.10.0"
      },
      "engines": {
        "node": ">=0.6.0"
      }
    },
    "node_modules/jwa": {
      "version": "1.0.2",
      "license": "MIT",
      "dependencies": {
        "base64url": "~0.0.4",
        "buffer-equal-constant-time": "^1.0.1",
        "ecdsa-sig-formatter": "^1.0.0"
      }
    },
    "node_modules/jwa/node_modules/base64url": {
      "version": "0.0.6",
      "license": "MIT"
    },
    "node_modules/jws": {
      "version": "3.0.0",
      "license": "MIT",
      "dependencies": {
        "base64url": "~1.0.4",
        "jwa": "~1.0.0"
      }
    },
    "node_modules/lodash": {
      "version": "4.17.21",
      "license": "MIT"
    },
    "node_modules/lodash.noop": {
      "version": "3.0.1",
      "license": "MIT"
    },
    "node_modules/lru-cache": {
      "version": "6.0.0",
      "dev": true,
      "license": "ISC",
      "dependencies": {
        "yallist": "^4.0.0"
      },
      "engines": {
        "node": ">=10"
      }
    },
    "node_modules/map-obj": {
      "version": "1.0.1",
      "license": "MIT",
      "engines": {
        "node": ">=0.10.0"
      }
    },
    "node_modules/media-typer": {
      "version": "0.3.0",
      "license": "MIT",
      "engines": {
        "node": ">= 0.6"
      }
    },
    "node_modules/meow": {
      "version": "2.0.0",
      "license": "MIT",
      "dependencies": {
        "camelcase-keys": "^1.0.0",
        "indent-string": "^1.1.0",
        "minimist": "^1.1.0",
        "object-assign": "^1.0.0"
      },
      "engines": {
        "node": ">=0.10.0"
      }
    },
    "node_modules/merge-descriptors": {
      "version": "0.0.2",
      "license": "MIT"
    },
    "node_modules/methods": {
      "version": "1.1.0",
      "license": "MIT"
    },
    "node_modules/mime": {
      "version": "1.2.11"
    },
    "node_modules/mime-db": {
      "version": "1.52.0",
      "license": "MIT",
      "engines": {
        "node": ">= 0.6"
      }
    },
    "node_modules/mime-types": {
      "version": "2.1.35",
      "license": "MIT",
      "dependencies": {
        "mime-db": "1.52.0"
      },
      "engines": {
        "node": ">= 0.6"
      }
    },
    "node_modules/minimatch": {
      "version": "3.1.2",
      "dev": true,
      "license": "ISC",
      "dependencies": {
        "brace-expansion": "^1.1.7"
      },
      "engines": {
        "node": "*"
      }
    },
    "node_modules/minimist": {
      "version": "1.2.8",
      "license": "MIT",
      "funding": {
        "url": "https://github.com/sponsors/ljharb"
      }
    },
    "node_modules/ms": {
      "version": "0.6.2"
    },
    "node_modules/negotiator": {
      "version": "0.4.9",
      "license": "MIT",
      "engines": {
        "node": ">= 0.6"
      }
    },
    "node_modules/nice-json2csv": {
      "version": "0.2.2",
      "license": "MIT",
      "dependencies": {
        "underscore": "1.8.3"
      },
      "engines": {
        "node": ">=0.6.x",
        "npm": ">=1.1.x"
      }
    },
    "node_modules/node-forge": {
      "version": "0.7.6",
      "license": "(BSD-3-Clause OR GPL-2.0)",
      "engines": {
        "node": "*"
      }
    },
    "node_modules/node-uuid": {
      "version": "1.4.8",
      "bin": {
        "uuid": "bin/uuid"
      }
    },
    "node_modules/nodemon": {
      "version": "3.0.2",
      "dev": true,
      "license": "MIT",
      "dependencies": {
        "chokidar": "^3.5.2",
        "debug": "^4",
        "ignore-by-default": "^1.0.1",
        "minimatch": "^3.1.2",
        "pstree.remy": "^1.1.8",
        "semver": "^7.5.3",
        "simple-update-notifier": "^2.0.0",
        "supports-color": "^5.5.0",
        "touch": "^3.1.0",
        "undefsafe": "^2.0.5"
      },
      "bin": {
        "nodemon": "bin/nodemon.js"
      },
      "engines": {
        "node": ">=10"
      },
      "funding": {
        "type": "opencollective",
        "url": "https://opencollective.com/nodemon"
      }
    },
    "node_modules/nodemon/node_modules/debug": {
      "version": "4.3.4",
      "dev": true,
      "license": "MIT",
      "dependencies": {
        "ms": "2.1.2"
      },
      "engines": {
        "node": ">=6.0"
      },
      "peerDependenciesMeta": {
        "supports-color": {
          "optional": true
        }
      }
    },
    "node_modules/nodemon/node_modules/ms": {
      "version": "2.1.2",
      "dev": true,
      "license": "MIT"
    },
    "node_modules/nopt": {
      "version": "1.0.10",
      "dev": true,
      "license": "MIT",
      "dependencies": {
        "abbrev": "1"
      },
      "bin": {
        "nopt": "bin/nopt.js"
      }
    },
    "node_modules/normalize-path": {
      "version": "3.0.0",
      "dev": true,
      "license": "MIT",
      "engines": {
        "node": ">=0.10.0"
      }
    },
    "node_modules/oauth-sign": {
      "version": "0.8.2",
      "license": "Apache-2.0",
      "engines": {
        "node": "*"
      }
    },
    "node_modules/object-assign": {
      "version": "1.0.0",
      "license": "MIT",
      "engines": {
        "node": ">=0.10.0"
      }
    },
    "node_modules/on-finished": {
      "version": "2.1.1",
      "license": "MIT",
      "dependencies": {
        "ee-first": "1.1.0"
      },
      "engines": {
        "node": ">= 0.8"
      }
    },
    "node_modules/parseurl": {
      "version": "1.3.3",
      "license": "MIT",
      "engines": {
        "node": ">= 0.8"
      }
    },
    "node_modules/path-to-regexp": {
      "version": "0.1.3"
    },
    "node_modules/performance-now": {
      "version": "2.1.0",
      "license": "MIT"
    },
    "node_modules/picomatch": {
      "version": "2.3.1",
      "dev": true,
      "license": "MIT",
      "engines": {
        "node": ">=8.6"
      },
      "funding": {
        "url": "https://github.com/sponsors/jonschlinkert"
      }
    },
    "node_modules/pingdom-api": {
      "version": "1.0.0",
      "dependencies": {
        "annozip": "^0.2.4",
        "bluebird": "^2.5.3",
        "request": "2.21.0"
      }
    },
    "node_modules/pingdom-api/node_modules/assert-plus": {
      "version": "0.1.2",
      "engines": {
        "node": ">=0.6"
      }
    },
    "node_modules/pingdom-api/node_modules/async": {
      "version": "0.2.10"
    },
    "node_modules/pingdom-api/node_modules/combined-stream": {
      "version": "0.0.7",
      "dependencies": {
        "delayed-stream": "0.0.5"
      },
      "engines": {
        "node": ">= 0.8"
      }
    },
    "node_modules/pingdom-api/node_modules/cryptiles": {
      "version": "0.2.2",
      "dependencies": {
        "boom": "0.4.x"
      },
      "engines": {
        "node": ">=0.8.0"
      }
    },
    "node_modules/pingdom-api/node_modules/delayed-stream": {
      "version": "0.0.5",
      "engines": {
        "node": ">=0.4.0"
      }
    },
    "node_modules/pingdom-api/node_modules/forever-agent": {
      "version": "0.5.2",
      "engines": {
        "node": "*"
      }
    },
    "node_modules/pingdom-api/node_modules/form-data": {
      "version": "0.0.8",
      "dependencies": {
        "async": "~0.2.7",
        "combined-stream": "~0.0.4",
        "mime": "~1.2.2"
      },
      "engines": {
        "node": ">= 0.6"
      }
    },
    "node_modules/pingdom-api/node_modules/hawk": {
      "version": "0.13.1",
      "dependencies": {
        "boom": "0.4.x",
        "cryptiles": "0.2.x",
        "hoek": "0.8.x",
        "sntp": "0.2.x"
      },
      "engines": {
        "node": ">=0.8.0"
      }
    },
    "node_modules/pingdom-api/node_modules/hoek": {
      "version": "0.8.5",
      "engines": {
        "node": ">=0.8.0"
      }
    },
    "node_modules/pingdom-api/node_modules/http-signature": {
      "version": "0.9.11",
      "dependencies": {
        "asn1": "0.1.11",
        "assert-plus": "0.1.2",
        "ctype": "0.5.2"
      },
      "engines": {
        "node": ">=0.8"
      }
    },
    "node_modules/pingdom-api/node_modules/json-stringify-safe": {
      "version": "4.0.0",
      "license": "BSD"
    },
    "node_modules/pingdom-api/node_modules/oauth-sign": {
      "version": "0.3.0",
      "engines": {
        "node": "*"
      }
    },
    "node_modules/pingdom-api/node_modules/qs": {
      "version": "0.6.6",
      "engines": {
        "node": "*"
      }
    },
    "node_modules/pingdom-api/node_modules/request": {
      "version": "2.21.0",
      "engines": [
        "node >= 0.8.0"
      ],
      "dependencies": {
        "aws-sign": "~0.3.0",
        "cookie-jar": "~0.3.0",
        "forever-agent": "~0.5.0",
        "form-data": "0.0.8",
        "hawk": "~0.13.0",
        "http-signature": "~0.9.11",
        "json-stringify-safe": "~4.0.0",
        "mime": "~1.2.9",
        "node-uuid": "~1.4.0",
        "oauth-sign": "~0.3.0",
        "qs": "~0.6.0",
        "tunnel-agent": "~0.3.0"
      }
    },
    "node_modules/pingdom-api/node_modules/sntp": {
      "version": "0.2.4",
      "dependencies": {
        "hoek": "0.9.x"
      },
      "engines": {
        "node": ">=0.8.0"
      }
    },
    "node_modules/pingdom-api/node_modules/sntp/node_modules/hoek": {
      "version": "0.9.1",
      "engines": {
        "node": ">=0.8.0"
      }
    },
    "node_modules/pingdom-api/node_modules/tunnel-agent": {
      "version": "0.3.0",
      "engines": {
        "node": "*"
      }
    },
    "node_modules/pinkie": {
      "version": "2.0.4",
      "license": "MIT",
      "engines": {
        "node": ">=0.10.0"
      }
    },
    "node_modules/pinkie-promise": {
      "version": "2.0.1",
      "license": "MIT",
      "dependencies": {
        "pinkie": "^2.0.0"
      },
      "engines": {
        "node": ">=0.10.0"
      }
    },
    "node_modules/process-nextick-args": {
      "version": "1.0.7",
      "license": "MIT"
    },
    "node_modules/proxy-addr": {
      "version": "1.0.10",
      "license": "MIT",
      "dependencies": {
        "forwarded": "~0.1.0",
        "ipaddr.js": "1.0.5"
      },
      "engines": {
        "node": ">= 0.6"
      }
    },
    "node_modules/psl": {
      "version": "1.9.0",
      "license": "MIT"
    },
    "node_modules/pstree.remy": {
      "version": "1.1.8",
      "dev": true,
      "license": "MIT"
    },
    "node_modules/punycode": {
      "version": "2.3.0",
      "license": "MIT",
      "engines": {
        "node": ">=6"
      }
    },
    "node_modules/q": {
      "version": "1.5.1",
      "license": "MIT",
      "engines": {
        "node": ">=0.6.0",
        "teleport": ">=0.2.0"
      }
    },
    "node_modules/qs": {
      "version": "2.2.4"
    },
    "node_modules/range-parser": {
      "version": "1.0.3",
      "license": "MIT",
      "engines": {
        "node": ">= 0.6"
      }
    },
    "node_modules/readable-stream": {
      "version": "2.0.6",
      "license": "MIT",
      "dependencies": {
        "core-util-is": "~1.0.0",
        "inherits": "~2.0.1",
        "isarray": "~1.0.0",
        "process-nextick-args": "~1.0.6",
        "string_decoder": "~0.10.x",
        "util-deprecate": "~1.0.1"
      }
    },
    "node_modules/readable-stream/node_modules/isarray": {
      "version": "1.0.0",
      "license": "MIT"
    },
    "node_modules/readdirp": {
      "version": "3.6.0",
      "dev": true,
      "license": "MIT",
      "dependencies": {
        "picomatch": "^2.2.1"
      },
      "engines": {
        "node": ">=8.10.0"
      }
    },
    "node_modules/reduce-component": {
      "version": "1.0.1",
      "license": "Apache, Version 2.0"
    },
    "node_modules/repeating": {
      "version": "1.1.3",
      "license": "MIT",
      "dependencies": {
        "is-finite": "^1.0.0"
      },
      "bin": {
        "repeating": "cli.js"
      },
      "engines": {
        "node": ">=0.10.0"
      }
    },
    "node_modules/request": {
      "version": "2.88.2",
      "license": "Apache-2.0",
      "dependencies": {
        "aws-sign2": "~0.7.0",
        "aws4": "^1.8.0",
        "caseless": "~0.12.0",
        "combined-stream": "~1.0.6",
        "extend": "~3.0.2",
        "forever-agent": "~0.6.1",
        "form-data": "~2.3.2",
        "har-validator": "~5.1.3",
        "http-signature": "~1.2.0",
        "is-typedarray": "~1.0.0",
        "isstream": "~0.1.2",
        "json-stringify-safe": "~5.0.1",
        "mime-types": "~2.1.19",
        "oauth-sign": "~0.9.0",
        "performance-now": "^2.1.0",
        "qs": "~6.5.2",
        "safe-buffer": "^5.1.2",
        "tough-cookie": "~2.5.0",
        "tunnel-agent": "^0.6.0",
        "uuid": "^3.3.2"
      },
      "engines": {
        "node": ">= 6"
      }
    },
    "node_modules/request/node_modules/aws-sign2": {
      "version": "0.7.0",
      "license": "Apache-2.0",
      "engines": {
        "node": "*"
      }
    },
    "node_modules/request/node_modules/caseless": {
      "version": "0.12.0",
      "license": "Apache-2.0"
    },
    "node_modules/request/node_modules/form-data": {
      "version": "2.3.3",
      "license": "MIT",
      "dependencies": {
        "asynckit": "^0.4.0",
        "combined-stream": "^1.0.6",
        "mime-types": "^2.1.12"
      },
      "engines": {
        "node": ">= 0.12"
      }
    },
    "node_modules/request/node_modules/har-validator": {
      "version": "5.1.5",
      "license": "MIT",
      "dependencies": {
        "ajv": "^6.12.3",
        "har-schema": "^2.0.0"
      },
      "engines": {
        "node": ">=6"
      }
    },
    "node_modules/request/node_modules/oauth-sign": {
      "version": "0.9.0",
      "license": "Apache-2.0",
      "engines": {
        "node": "*"
      }
    },
    "node_modules/request/node_modules/qs": {
      "version": "6.5.3",
      "license": "BSD-3-Clause",
      "engines": {
        "node": ">=0.6"
      }
    },
    "node_modules/request/node_modules/tunnel-agent": {
      "version": "0.6.0",
      "license": "Apache-2.0",
      "dependencies": {
        "safe-buffer": "^5.0.1"
      },
      "engines": {
        "node": "*"
      }
    },
    "node_modules/safe-buffer": {
      "version": "5.2.1",
      "funding": [
        {
          "type": "github",
          "url": "https://github.com/sponsors/feross"
        },
        {
          "type": "patreon",
          "url": "https://www.patreon.com/feross"
        },
        {
          "type": "consulting",
          "url": "https://feross.org/support"
        }
      ],
      "license": "MIT"
    },
    "node_modules/safer-buffer": {
      "version": "2.1.2",
      "license": "MIT"
    },
    "node_modules/semver": {
      "version": "7.5.4",
      "dev": true,
      "license": "ISC",
      "dependencies": {
        "lru-cache": "^6.0.0"
      },
      "bin": {
        "semver": "bin/semver.js"
      },
      "engines": {
        "node": ">=10"
      }
    },
    "node_modules/send": {
      "version": "0.9.3",
      "license": "MIT",
      "dependencies": {
        "debug": "~2.0.0",
        "depd": "0.4.5",
        "destroy": "1.0.3",
        "escape-html": "1.0.1",
        "etag": "~1.4.0",
        "fresh": "0.2.4",
        "mime": "1.2.11",
        "ms": "0.6.2",
        "on-finished": "2.1.0",
        "range-parser": "~1.0.2"
      },
      "engines": {
        "node": ">= 0.8.0"
      }
    },
    "node_modules/send/node_modules/ee-first": {
      "version": "1.0.5",
      "license": "MIT"
    },
    "node_modules/send/node_modules/on-finished": {
      "version": "2.1.0",
      "license": "MIT",
      "dependencies": {
        "ee-first": "1.0.5"
      }
    },
    "node_modules/serve-static": {
      "version": "1.6.5",
      "license": "MIT",
      "dependencies": {
        "escape-html": "1.0.1",
        "parseurl": "~1.3.0",
        "send": "0.9.3",
        "utils-merge": "1.0.0"
      },
      "engines": {
        "node": ">= 0.8.0"
      }
    },
    "node_modules/simple-update-notifier": {
      "version": "2.0.0",
      "dev": true,
      "license": "MIT",
      "dependencies": {
        "semver": "^7.5.3"
      },
      "engines": {
        "node": ">=10"
      }
    },
    "node_modules/sntp": {
      "version": "1.0.9",
      "dependencies": {
        "hoek": "2.x.x"
      },
      "engines": {
        "node": ">=0.8.0"
      }
    },
    "node_modules/sshpk": {
      "version": "1.17.0",
      "license": "MIT",
      "dependencies": {
        "asn1": "~0.2.3",
        "assert-plus": "^1.0.0",
        "bcrypt-pbkdf": "^1.0.0",
        "dashdash": "^1.12.0",
        "ecc-jsbn": "~0.1.1",
        "getpass": "^0.1.1",
        "jsbn": "~0.1.0",
        "safer-buffer": "^2.0.2",
        "tweetnacl": "~0.14.0"
      },
      "bin": {
        "sshpk-conv": "bin/sshpk-conv",
        "sshpk-sign": "bin/sshpk-sign",
        "sshpk-verify": "bin/sshpk-verify"
      },
      "engines": {
        "node": ">=0.10.0"
      }
    },
    "node_modules/sshpk/node_modules/asn1": {
      "version": "0.2.6",
      "license": "MIT",
      "dependencies": {
        "safer-buffer": "~2.1.0"
      }
    },
    "node_modules/string_decoder": {
      "version": "0.10.31",
      "license": "MIT"
    },
    "node_modules/string-template": {
      "version": "0.2.1"
    },
    "node_modules/stringstream": {
      "version": "0.0.6",
      "license": "MIT"
    },
    "node_modules/strip-ansi": {
      "version": "3.0.1",
      "license": "MIT",
      "dependencies": {
        "ansi-regex": "^2.0.0"
      },
      "engines": {
        "node": ">=0.10.0"
      }
    },
    "node_modules/superagent": {
      "version": "1.8.5",
      "license": "MIT",
      "dependencies": {
        "component-emitter": "~1.2.0",
        "cookiejar": "2.0.6",
        "debug": "2",
        "extend": "3.0.0",
        "form-data": "1.0.0-rc3",
        "formidable": "~1.0.14",
        "methods": "~1.1.1",
        "mime": "1.3.4",
        "qs": "2.3.3",
        "readable-stream": "1.0.27-1",
        "reduce-component": "1.0.1"
      },
      "engines": {
        "node": ">= 0.8"
      }
    },
    "node_modules/superagent/node_modules/debug": {
      "version": "2.6.9",
      "license": "MIT",
      "dependencies": {
        "ms": "2.0.0"
      }
    },
    "node_modules/superagent/node_modules/extend": {
      "version": "3.0.0",
      "license": "MIT"
    },
    "node_modules/superagent/node_modules/form-data": {
      "version": "1.0.0-rc3",
      "license": "MIT",
      "dependencies": {
        "async": "^1.4.0",
        "combined-stream": "^1.0.5",
        "mime-types": "^2.1.3"
      },
      "engines": {
        "node": ">= 0.10"
      }
    },
    "node_modules/superagent/node_modules/methods": {
      "version": "1.1.2",
      "license": "MIT",
      "engines": {
        "node": ">= 0.6"
      }
    },
    "node_modules/superagent/node_modules/mime": {
      "version": "1.3.4",
      "bin": {
        "mime": "cli.js"
      }
    },
    "node_modules/superagent/node_modules/ms": {
      "version": "2.0.0",
      "license": "MIT"
    },
    "node_modules/superagent/node_modules/qs": {
      "version": "2.3.3"
    },
    "node_modules/superagent/node_modules/readable-stream": {
      "version": "1.0.27-1",
      "license": "MIT",
      "dependencies": {
        "core-util-is": "~1.0.0",
        "inherits": "~2.0.1",
        "isarray": "0.0.1",
        "string_decoder": "~0.10.x"
      }
    },
    "node_modules/supports-color": {
      "version": "5.5.0",
      "dev": true,
      "license": "MIT",
      "dependencies": {
        "has-flag": "^3.0.0"
      },
      "engines": {
        "node": ">=4"
      }
    },
    "node_modules/to-regex-range": {
      "version": "5.0.1",
      "dev": true,
      "license": "MIT",
      "dependencies": {
        "is-number": "^7.0.0"
      },
      "engines": {
        "node": ">=8.0"
      }
    },
    "node_modules/touch": {
      "version": "3.1.0",
      "dev": true,
      "license": "ISC",
      "dependencies": {
        "nopt": "~1.0.10"
      },
      "bin": {
        "nodetouch": "bin/nodetouch.js"
      }
    },
    "node_modules/tough-cookie": {
      "version": "2.5.0",
      "license": "BSD-3-Clause",
      "dependencies": {
        "psl": "^1.1.28",
        "punycode": "^2.1.1"
      },
      "engines": {
        "node": ">=0.8"
      }
    },
    "node_modules/tunnel-agent": {
      "version": "0.4.3",
      "license": "Apache-2.0",
      "engines": {
        "node": "*"
      }
    },
    "node_modules/tweetnacl": {
      "version": "0.14.5",
      "license": "Unlicense"
    },
    "node_modules/type-is": {
      "version": "1.5.7",
      "license": "MIT",
      "dependencies": {
        "media-typer": "0.3.0",
        "mime-types": "~2.0.9"
      },
      "engines": {
        "node": ">= 0.6"
      }
    },
    "node_modules/type-is/node_modules/mime-db": {
      "version": "1.12.0",
      "license": "MIT",
      "engines": {
        "node": ">= 0.6"
      }
    },
    "node_modules/type-is/node_modules/mime-types": {
      "version": "2.0.14",
      "license": "MIT",
      "dependencies": {
        "mime-db": "~1.12.0"
      },
      "engines": {
        "node": ">= 0.6"
      }
    },
    "node_modules/typedarray": {
      "version": "0.0.7",
      "license": "MIT",
      "funding": {
        "url": "https://github.com/sponsors/ljharb"
      }
    },
    "node_modules/undefsafe": {
      "version": "2.0.5",
      "dev": true,
      "license": "MIT"
    },
    "node_modules/underscore": {
      "version": "1.8.3",
      "license": "MIT"
    },
    "node_modules/uri-js": {
      "version": "4.4.1",
      "license": "BSD-2-Clause",
      "dependencies": {
        "punycode": "^2.1.0"
      }
    },
    "node_modules/util-deprecate": {
      "version": "1.0.2",
      "license": "MIT"
    },
    "node_modules/utils-merge": {
      "version": "1.0.0",
      "engines": {
        "node": ">= 0.4.0"
      }
    },
    "node_modules/uuid": {
      "version": "3.4.0",
      "license": "MIT",
      "bin": {
        "uuid": "bin/uuid"
      }
    },
    "node_modules/vary": {
      "version": "1.0.1",
      "license": "MIT",
      "engines": {
        "node": ">= 0.8"
      }
    },
    "node_modules/verror": {
      "version": "1.10.0",
      "engines": [
        "node >=0.6.0"
      ],
      "license": "MIT",
      "dependencies": {
        "assert-plus": "^1.0.0",
        "core-util-is": "1.0.2",
        "extsprintf": "^1.2.0"
      }
    },
    "node_modules/verror/node_modules/core-util-is": {
      "version": "1.0.2",
      "license": "MIT"
    },
    "node_modules/verror/node_modules/extsprintf": {
      "version": "1.4.1",
      "engines": [
        "node >=0.6.0"
      ],
      "license": "MIT"
    },
    "node_modules/xtend": {
      "version": "4.0.2",
      "license": "MIT",
      "engines": {
        "node": ">=0.4"
      }
    },
    "node_modules/yallist": {
      "version": "4.0.0",
      "dev": true,
      "license": "ISC"
    },
    "node_modules/youtube-api": {
      "version": "1.4.1",
      "license": "MIT",
      "dependencies": {
        "googleapis": "^2.1.3"
      }
    }
  }
}
